// !$*UTF8*$!
{
	archiveVersion = 1;
	classes = {
	};
	objectVersion = 51;
	objects = {

/* Begin PBXBuildFile section */
		2AC94F50B405334545255B5F /* Pods_Knight.framework in Frameworks */ = {isa = PBXBuildFile; fileRef = D27543657A47C8F992DEFE99 /* Pods_Knight.framework */; };
		5B8EBD6E2EE3F58ABB3FDC4B /* Pods_KnightUITests.framework in Frameworks */ = {isa = PBXBuildFile; fileRef = BBF33611815E1A6FEFEF2BA8 /* Pods_KnightUITests.framework */; };
		954119245057FE091A5354CD /* Pods_KnightTests.framework in Frameworks */ = {isa = PBXBuildFile; fileRef = 35D75067B5005BD3F443C11F /* Pods_KnightTests.framework */; };
		DE1AB5B2225B867E002AC9AD /* LoginViewController.m in Sources */ = {isa = PBXBuildFile; fileRef = DE1AB5B1225B867E002AC9AD /* LoginViewController.m */; };
		DE1AB5B7225B8D1B002AC9AD /* Header.m in Sources */ = {isa = PBXBuildFile; fileRef = DE1AB5B6225B8D1B002AC9AD /* Header.m */; };
		DE1AB5B9225B8D43002AC9AD /* Header.xib in Resources */ = {isa = PBXBuildFile; fileRef = DE1AB5B8225B8D43002AC9AD /* Header.xib */; };
		DE1AB5BC225B910E002AC9AD /* Login.m in Sources */ = {isa = PBXBuildFile; fileRef = DE1AB5BB225B910E002AC9AD /* Login.m */; };
		DE1AB5BE225B9116002AC9AD /* Login.xib in Resources */ = {isa = PBXBuildFile; fileRef = DE1AB5BD225B9116002AC9AD /* Login.xib */; };
		DE39DE6F225DBD9C00CAA775 /* Ongoing.m in Sources */ = {isa = PBXBuildFile; fileRef = DE39DE6E225DBD9C00CAA775 /* Ongoing.m */; };
		DE39DE71225DBDA300CAA775 /* Ongoing.xib in Resources */ = {isa = PBXBuildFile; fileRef = DE39DE70225DBDA300CAA775 /* Ongoing.xib */; };
		DE39DE75225F174200CAA775 /* Order.m in Sources */ = {isa = PBXBuildFile; fileRef = DE39DE74225F174200CAA775 /* Order.m */; };
		DE39DE77225F174A00CAA775 /* Order.xib in Resources */ = {isa = PBXBuildFile; fileRef = DE39DE76225F174900CAA775 /* Order.xib */; };
		DE39DE7F225F20EF00CAA775 /* UserInfo.m in Sources */ = {isa = PBXBuildFile; fileRef = DE39DE79225F20EF00CAA775 /* UserInfo.m */; };
		DE39DE80225F20EF00CAA775 /* UserInfo.xib in Resources */ = {isa = PBXBuildFile; fileRef = DE39DE7B225F20EF00CAA775 /* UserInfo.xib */; };
		DE39DE81225F20EF00CAA775 /* UserInfoViewController.m in Sources */ = {isa = PBXBuildFile; fileRef = DE39DE7E225F20EF00CAA775 /* UserInfoViewController.m */; };
		DE39DE96225F212100CAA775 /* UserHeaderTableViewCell.m in Sources */ = {isa = PBXBuildFile; fileRef = DE39DE84225F212000CAA775 /* UserHeaderTableViewCell.m */; };
		DE39DE97225F212100CAA775 /* UserHeaderTableViewCell.xib in Resources */ = {isa = PBXBuildFile; fileRef = DE39DE85225F212000CAA775 /* UserHeaderTableViewCell.xib */; };
		DE39DE98225F212100CAA775 /* UserLineTableViewCell.xib in Resources */ = {isa = PBXBuildFile; fileRef = DE39DE87225F212000CAA775 /* UserLineTableViewCell.xib */; };
		DE39DE99225F212100CAA775 /* UserLineTableViewCell.m in Sources */ = {isa = PBXBuildFile; fileRef = DE39DE89225F212000CAA775 /* UserLineTableViewCell.m */; };
		DE39DE9A225F212100CAA775 /* UserMenuTableViewCell.m in Sources */ = {isa = PBXBuildFile; fileRef = DE39DE8C225F212000CAA775 /* UserMenuTableViewCell.m */; };
		DE39DE9B225F212100CAA775 /* UserMenuTableViewCell.xib in Resources */ = {isa = PBXBuildFile; fileRef = DE39DE8D225F212000CAA775 /* UserMenuTableViewCell.xib */; };
		DE39DE9C225F212100CAA775 /* UserInputTableViewCell.xib in Resources */ = {isa = PBXBuildFile; fileRef = DE39DE90225F212100CAA775 /* UserInputTableViewCell.xib */; };
		DE39DE9D225F212100CAA775 /* UserInputTableViewCell.m in Sources */ = {isa = PBXBuildFile; fileRef = DE39DE91225F212100CAA775 /* UserInputTableViewCell.m */; };
		DE39DE9E225F212100CAA775 /* UserLabelTableViewCell.m in Sources */ = {isa = PBXBuildFile; fileRef = DE39DE94225F212100CAA775 /* UserLabelTableViewCell.m */; };
		DE39DE9F225F212100CAA775 /* UserLabelTableViewCell.xib in Resources */ = {isa = PBXBuildFile; fileRef = DE39DE95225F212100CAA775 /* UserLabelTableViewCell.xib */; };
		DE39DEA8225F216E00CAA775 /* UserEditPasswordViewController.m in Sources */ = {isa = PBXBuildFile; fileRef = DE39DEA3225F216D00CAA775 /* UserEditPasswordViewController.m */; };
		DE39DEA9225F216E00CAA775 /* UserEditPassword.xib in Resources */ = {isa = PBXBuildFile; fileRef = DE39DEA6225F216D00CAA775 /* UserEditPassword.xib */; };
		DE39DEAA225F216E00CAA775 /* UserEditPassword.m in Sources */ = {isa = PBXBuildFile; fileRef = DE39DEA7225F216D00CAA775 /* UserEditPassword.m */; };
		DE39DEB3225F218300CAA775 /* UserCreateUserViewController.m in Sources */ = {isa = PBXBuildFile; fileRef = DE39DEAD225F218300CAA775 /* UserCreateUserViewController.m */; };
		DE39DEB4225F218300CAA775 /* UserCreateUser.m in Sources */ = {isa = PBXBuildFile; fileRef = DE39DEB0225F218300CAA775 /* UserCreateUser.m */; };
		DE39DEB5225F218300CAA775 /* UserCreateUser.xib in Resources */ = {isa = PBXBuildFile; fileRef = DE39DEB2225F218300CAA775 /* UserCreateUser.xib */; };
		DE39DEBE225F218D00CAA775 /* AboutViewController.m in Sources */ = {isa = PBXBuildFile; fileRef = DE39DEB8225F218D00CAA775 /* AboutViewController.m */; };
		DE39DEBF225F218D00CAA775 /* About.m in Sources */ = {isa = PBXBuildFile; fileRef = DE39DEBC225F218D00CAA775 /* About.m */; };
		DE39DEC0225F218D00CAA775 /* About.xib in Resources */ = {isa = PBXBuildFile; fileRef = DE39DEBD225F218D00CAA775 /* About.xib */; };
		DE39DEC72260221800CAA775 /* OrderDetailViewController.m in Sources */ = {isa = PBXBuildFile; fileRef = DE39DEC62260221800CAA775 /* OrderDetailViewController.m */; };
		DE39DECF2260230400CAA775 /* OrderDetail.m in Sources */ = {isa = PBXBuildFile; fileRef = DE39DECE2260230400CAA775 /* OrderDetail.m */; };
		DE39DED12260230900CAA775 /* OrderDetail.xib in Resources */ = {isa = PBXBuildFile; fileRef = DE39DED02260230900CAA775 /* OrderDetail.xib */; };
		DE39DEDA22603F1D00CAA775 /* BrowserViewController.m in Sources */ = {isa = PBXBuildFile; fileRef = DE39DED422603F1D00CAA775 /* BrowserViewController.m */; };
		DE39DEDB22603F1D00CAA775 /* Browser.m in Sources */ = {isa = PBXBuildFile; fileRef = DE39DED722603F1D00CAA775 /* Browser.m */; };
		DE39DEDC22603F1D00CAA775 /* Browser.xib in Resources */ = {isa = PBXBuildFile; fileRef = DE39DED922603F1D00CAA775 /* Browser.xib */; };
		DE39DEE02260408D00CAA775 /* BtnLayout.m in Sources */ = {isa = PBXBuildFile; fileRef = DE39DEDF2260408D00CAA775 /* BtnLayout.m */; };
		DE587084225C3437007FD31E /* LeanCloud.m in Sources */ = {isa = PBXBuildFile; fileRef = DE587080225C3437007FD31E /* LeanCloud.m */; };
		DE587085225C3437007FD31E /* QHMessage.m in Sources */ = {isa = PBXBuildFile; fileRef = DE587083225C3437007FD31E /* QHMessage.m */; };
		DE58708B225C6A21007FD31E /* HomeViewController.m in Sources */ = {isa = PBXBuildFile; fileRef = DE58708A225C6A21007FD31E /* HomeViewController.m */; };
		DE58709B225C6A83007FD31E /* Home.m in Sources */ = {isa = PBXBuildFile; fileRef = DE58709A225C6A83007FD31E /* Home.m */; };
		DE58709D225C6A89007FD31E /* Home.xib in Resources */ = {isa = PBXBuildFile; fileRef = DE58709C225C6A89007FD31E /* Home.xib */; };
		DE5870A4225C6CB5007FD31E /* OrderViewController.m in Sources */ = {isa = PBXBuildFile; fileRef = DE5870A3225C6CB5007FD31E /* OrderViewController.m */; };
		DE5870AC225C7058007FD31E /* DaiJieDanTableViewCell.m in Sources */ = {isa = PBXBuildFile; fileRef = DE5870AB225C7058007FD31E /* DaiJieDanTableViewCell.m */; };
		DE5870AF225C706D007FD31E /* DaiJieDanTableViewCell.xib in Resources */ = {isa = PBXBuildFile; fileRef = DE5870AE225C706D007FD31E /* DaiJieDanTableViewCell.xib */; };
		DE5870BF225DBC32007FD31E /* OngoingViewController.m in Sources */ = {isa = PBXBuildFile; fileRef = DE5870BE225DBC32007FD31E /* OngoingViewController.m */; };
		DE8BD3A9225B7ECC0024EB25 /* AppDelegate.m in Sources */ = {isa = PBXBuildFile; fileRef = DE8BD3A8225B7ECC0024EB25 /* AppDelegate.m */; };
		DE8BD3B1225B7ECD0024EB25 /* Assets.xcassets in Resources */ = {isa = PBXBuildFile; fileRef = DE8BD3B0225B7ECD0024EB25 /* Assets.xcassets */; };
		DE8BD3B4225B7ECD0024EB25 /* LaunchScreen.storyboard in Resources */ = {isa = PBXBuildFile; fileRef = DE8BD3B2225B7ECD0024EB25 /* LaunchScreen.storyboard */; };
		DE8BD3B7225B7ECD0024EB25 /* main.m in Sources */ = {isa = PBXBuildFile; fileRef = DE8BD3B6225B7ECD0024EB25 /* main.m */; };
		DE8BD3C1225B7ECD0024EB25 /* KnightTests.m in Sources */ = {isa = PBXBuildFile; fileRef = DE8BD3C0225B7ECD0024EB25 /* KnightTests.m */; };
		DE8BD3CC225B7ECD0024EB25 /* KnightUITests.m in Sources */ = {isa = PBXBuildFile; fileRef = DE8BD3CB225B7ECD0024EB25 /* KnightUITests.m */; };
		DE8BD3E0225B7F5E0024EB25 /* User.m in Sources */ = {isa = PBXBuildFile; fileRef = DE8BD3DF225B7F5E0024EB25 /* User.m */; };
/* End PBXBuildFile section */

/* Begin PBXContainerItemProxy section */
		DE8BD3BD225B7ECD0024EB25 /* PBXContainerItemProxy */ = {
			isa = PBXContainerItemProxy;
			containerPortal = DE8BD39C225B7ECC0024EB25 /* Project object */;
			proxyType = 1;
			remoteGlobalIDString = DE8BD3A3225B7ECC0024EB25;
			remoteInfo = Knight;
		};
		DE8BD3C8225B7ECD0024EB25 /* PBXContainerItemProxy */ = {
			isa = PBXContainerItemProxy;
			containerPortal = DE8BD39C225B7ECC0024EB25 /* Project object */;
			proxyType = 1;
			remoteGlobalIDString = DE8BD3A3225B7ECC0024EB25;
			remoteInfo = Knight;
		};
/* End PBXContainerItemProxy section */

/* Begin PBXFileReference section */
		0EA7D92B20BAA1B12BF6DC74 /* Pods-Knight.release.xcconfig */ = {isa = PBXFileReference; includeInIndex = 1; lastKnownFileType = text.xcconfig; name = "Pods-Knight.release.xcconfig"; path = "Target Support Files/Pods-Knight/Pods-Knight.release.xcconfig"; sourceTree = "<group>"; };
		10FE063C968C0039A841E7BD /* Pods-KnightTests.release.xcconfig */ = {isa = PBXFileReference; includeInIndex = 1; lastKnownFileType = text.xcconfig; name = "Pods-KnightTests.release.xcconfig"; path = "Target Support Files/Pods-KnightTests/Pods-KnightTests.release.xcconfig"; sourceTree = "<group>"; };
		35D75067B5005BD3F443C11F /* Pods_KnightTests.framework */ = {isa = PBXFileReference; explicitFileType = wrapper.framework; includeInIndex = 0; path = Pods_KnightTests.framework; sourceTree = BUILT_PRODUCTS_DIR; };
		6061572A84AE348043BACA6A /* Pods-KnightTests.debug.xcconfig */ = {isa = PBXFileReference; includeInIndex = 1; lastKnownFileType = text.xcconfig; name = "Pods-KnightTests.debug.xcconfig"; path = "Target Support Files/Pods-KnightTests/Pods-KnightTests.debug.xcconfig"; sourceTree = "<group>"; };
		8E9D0F45807D39004EAA89EF /* Pods-KnightUITests.release.xcconfig */ = {isa = PBXFileReference; includeInIndex = 1; lastKnownFileType = text.xcconfig; name = "Pods-KnightUITests.release.xcconfig"; path = "Target Support Files/Pods-KnightUITests/Pods-KnightUITests.release.xcconfig"; sourceTree = "<group>"; };
		BBF33611815E1A6FEFEF2BA8 /* Pods_KnightUITests.framework */ = {isa = PBXFileReference; explicitFileType = wrapper.framework; includeInIndex = 0; path = Pods_KnightUITests.framework; sourceTree = BUILT_PRODUCTS_DIR; };
		BDEAA067BBDBD598243B82EB /* Pods-Knight.debug.xcconfig */ = {isa = PBXFileReference; includeInIndex = 1; lastKnownFileType = text.xcconfig; name = "Pods-Knight.debug.xcconfig"; path = "Target Support Files/Pods-Knight/Pods-Knight.debug.xcconfig"; sourceTree = "<group>"; };
		C581FEAA3B6918C2E1A6E607 /* Pods-KnightUITests.debug.xcconfig */ = {isa = PBXFileReference; includeInIndex = 1; lastKnownFileType = text.xcconfig; name = "Pods-KnightUITests.debug.xcconfig"; path = "Target Support Files/Pods-KnightUITests/Pods-KnightUITests.debug.xcconfig"; sourceTree = "<group>"; };
		D27543657A47C8F992DEFE99 /* Pods_Knight.framework */ = {isa = PBXFileReference; explicitFileType = wrapper.framework; includeInIndex = 0; path = Pods_Knight.framework; sourceTree = BUILT_PRODUCTS_DIR; };
		DE1088932260747A00060BDB /* Knight.entitlements */ = {isa = PBXFileReference; lastKnownFileType = text.plist.entitlements; path = Knight.entitlements; sourceTree = "<group>"; };
		DE1AB5B0225B867E002AC9AD /* LoginViewController.h */ = {isa = PBXFileReference; lastKnownFileType = sourcecode.c.h; path = LoginViewController.h; sourceTree = "<group>"; };
		DE1AB5B1225B867E002AC9AD /* LoginViewController.m */ = {isa = PBXFileReference; lastKnownFileType = sourcecode.c.objc; path = LoginViewController.m; sourceTree = "<group>"; };
		DE1AB5B5225B8D1B002AC9AD /* Header.h */ = {isa = PBXFileReference; lastKnownFileType = sourcecode.c.h; path = Header.h; sourceTree = "<group>"; };
		DE1AB5B6225B8D1B002AC9AD /* Header.m */ = {isa = PBXFileReference; lastKnownFileType = sourcecode.c.objc; path = Header.m; sourceTree = "<group>"; };
		DE1AB5B8225B8D43002AC9AD /* Header.xib */ = {isa = PBXFileReference; lastKnownFileType = file.xib; path = Header.xib; sourceTree = "<group>"; };
		DE1AB5BA225B910E002AC9AD /* Login.h */ = {isa = PBXFileReference; lastKnownFileType = sourcecode.c.h; path = Login.h; sourceTree = "<group>"; };
		DE1AB5BB225B910E002AC9AD /* Login.m */ = {isa = PBXFileReference; lastKnownFileType = sourcecode.c.objc; path = Login.m; sourceTree = "<group>"; };
		DE1AB5BD225B9116002AC9AD /* Login.xib */ = {isa = PBXFileReference; lastKnownFileType = file.xib; path = Login.xib; sourceTree = "<group>"; };
		DE39DE6D225DBD9C00CAA775 /* Ongoing.h */ = {isa = PBXFileReference; lastKnownFileType = sourcecode.c.h; path = Ongoing.h; sourceTree = "<group>"; };
		DE39DE6E225DBD9C00CAA775 /* Ongoing.m */ = {isa = PBXFileReference; lastKnownFileType = sourcecode.c.objc; path = Ongoing.m; sourceTree = "<group>"; };
		DE39DE70225DBDA300CAA775 /* Ongoing.xib */ = {isa = PBXFileReference; lastKnownFileType = file.xib; path = Ongoing.xib; sourceTree = "<group>"; };
		DE39DE73225F174200CAA775 /* Order.h */ = {isa = PBXFileReference; lastKnownFileType = sourcecode.c.h; path = Order.h; sourceTree = "<group>"; };
		DE39DE74225F174200CAA775 /* Order.m */ = {isa = PBXFileReference; lastKnownFileType = sourcecode.c.objc; path = Order.m; sourceTree = "<group>"; };
		DE39DE76225F174900CAA775 /* Order.xib */ = {isa = PBXFileReference; lastKnownFileType = file.xib; path = Order.xib; sourceTree = "<group>"; };
		DE39DE79225F20EF00CAA775 /* UserInfo.m */ = {isa = PBXFileReference; fileEncoding = 4; lastKnownFileType = sourcecode.c.objc; path = UserInfo.m; sourceTree = "<group>"; };
		DE39DE7A225F20EF00CAA775 /* UserInfo.h */ = {isa = PBXFileReference; fileEncoding = 4; lastKnownFileType = sourcecode.c.h; path = UserInfo.h; sourceTree = "<group>"; };
		DE39DE7B225F20EF00CAA775 /* UserInfo.xib */ = {isa = PBXFileReference; fileEncoding = 4; lastKnownFileType = file.xib; path = UserInfo.xib; sourceTree = "<group>"; };
		DE39DE7D225F20EF00CAA775 /* UserInfoViewController.h */ = {isa = PBXFileReference; fileEncoding = 4; lastKnownFileType = sourcecode.c.h; path = UserInfoViewController.h; sourceTree = "<group>"; };
		DE39DE7E225F20EF00CAA775 /* UserInfoViewController.m */ = {isa = PBXFileReference; fileEncoding = 4; lastKnownFileType = sourcecode.c.objc; path = UserInfoViewController.m; sourceTree = "<group>"; };
		DE39DE83225F212000CAA775 /* UserHeaderTableViewCell.h */ = {isa = PBXFileReference; fileEncoding = 4; lastKnownFileType = sourcecode.c.h; path = UserHeaderTableViewCell.h; sourceTree = "<group>"; };
		DE39DE84225F212000CAA775 /* UserHeaderTableViewCell.m */ = {isa = PBXFileReference; fileEncoding = 4; lastKnownFileType = sourcecode.c.objc; path = UserHeaderTableViewCell.m; sourceTree = "<group>"; };
		DE39DE85225F212000CAA775 /* UserHeaderTableViewCell.xib */ = {isa = PBXFileReference; fileEncoding = 4; lastKnownFileType = file.xib; path = UserHeaderTableViewCell.xib; sourceTree = "<group>"; };
		DE39DE87225F212000CAA775 /* UserLineTableViewCell.xib */ = {isa = PBXFileReference; fileEncoding = 4; lastKnownFileType = file.xib; path = UserLineTableViewCell.xib; sourceTree = "<group>"; };
		DE39DE88225F212000CAA775 /* UserLineTableViewCell.h */ = {isa = PBXFileReference; fileEncoding = 4; lastKnownFileType = sourcecode.c.h; path = UserLineTableViewCell.h; sourceTree = "<group>"; };
		DE39DE89225F212000CAA775 /* UserLineTableViewCell.m */ = {isa = PBXFileReference; fileEncoding = 4; lastKnownFileType = sourcecode.c.objc; path = UserLineTableViewCell.m; sourceTree = "<group>"; };
		DE39DE8B225F212000CAA775 /* UserMenuTableViewCell.h */ = {isa = PBXFileReference; fileEncoding = 4; lastKnownFileType = sourcecode.c.h; path = UserMenuTableViewCell.h; sourceTree = "<group>"; };
		DE39DE8C225F212000CAA775 /* UserMenuTableViewCell.m */ = {isa = PBXFileReference; fileEncoding = 4; lastKnownFileType = sourcecode.c.objc; path = UserMenuTableViewCell.m; sourceTree = "<group>"; };
		DE39DE8D225F212000CAA775 /* UserMenuTableViewCell.xib */ = {isa = PBXFileReference; fileEncoding = 4; lastKnownFileType = file.xib; path = UserMenuTableViewCell.xib; sourceTree = "<group>"; };
		DE39DE8F225F212100CAA775 /* UserInputTableViewCell.h */ = {isa = PBXFileReference; fileEncoding = 4; lastKnownFileType = sourcecode.c.h; path = UserInputTableViewCell.h; sourceTree = "<group>"; };
		DE39DE90225F212100CAA775 /* UserInputTableViewCell.xib */ = {isa = PBXFileReference; fileEncoding = 4; lastKnownFileType = file.xib; path = UserInputTableViewCell.xib; sourceTree = "<group>"; };
		DE39DE91225F212100CAA775 /* UserInputTableViewCell.m */ = {isa = PBXFileReference; fileEncoding = 4; lastKnownFileType = sourcecode.c.objc; path = UserInputTableViewCell.m; sourceTree = "<group>"; };
		DE39DE93225F212100CAA775 /* UserLabelTableViewCell.h */ = {isa = PBXFileReference; fileEncoding = 4; lastKnownFileType = sourcecode.c.h; path = UserLabelTableViewCell.h; sourceTree = "<group>"; };
		DE39DE94225F212100CAA775 /* UserLabelTableViewCell.m */ = {isa = PBXFileReference; fileEncoding = 4; lastKnownFileType = sourcecode.c.objc; path = UserLabelTableViewCell.m; sourceTree = "<group>"; };
		DE39DE95225F212100CAA775 /* UserLabelTableViewCell.xib */ = {isa = PBXFileReference; fileEncoding = 4; lastKnownFileType = file.xib; path = UserLabelTableViewCell.xib; sourceTree = "<group>"; };
		DE39DEA2225F216D00CAA775 /* UserEditPasswordViewController.h */ = {isa = PBXFileReference; fileEncoding = 4; lastKnownFileType = sourcecode.c.h; path = UserEditPasswordViewController.h; sourceTree = "<group>"; };
		DE39DEA3225F216D00CAA775 /* UserEditPasswordViewController.m */ = {isa = PBXFileReference; fileEncoding = 4; lastKnownFileType = sourcecode.c.objc; path = UserEditPasswordViewController.m; sourceTree = "<group>"; };
		DE39DEA5225F216D00CAA775 /* UserEditPassword.h */ = {isa = PBXFileReference; fileEncoding = 4; lastKnownFileType = sourcecode.c.h; path = UserEditPassword.h; sourceTree = "<group>"; };
		DE39DEA6225F216D00CAA775 /* UserEditPassword.xib */ = {isa = PBXFileReference; fileEncoding = 4; lastKnownFileType = file.xib; path = UserEditPassword.xib; sourceTree = "<group>"; };
		DE39DEA7225F216D00CAA775 /* UserEditPassword.m */ = {isa = PBXFileReference; fileEncoding = 4; lastKnownFileType = sourcecode.c.objc; path = UserEditPassword.m; sourceTree = "<group>"; };
		DE39DEAD225F218300CAA775 /* UserCreateUserViewController.m */ = {isa = PBXFileReference; fileEncoding = 4; lastKnownFileType = sourcecode.c.objc; path = UserCreateUserViewController.m; sourceTree = "<group>"; };
		DE39DEAE225F218300CAA775 /* UserCreateUserViewController.h */ = {isa = PBXFileReference; fileEncoding = 4; lastKnownFileType = sourcecode.c.h; path = UserCreateUserViewController.h; sourceTree = "<group>"; };
		DE39DEB0225F218300CAA775 /* UserCreateUser.m */ = {isa = PBXFileReference; fileEncoding = 4; lastKnownFileType = sourcecode.c.objc; path = UserCreateUser.m; sourceTree = "<group>"; };
		DE39DEB1225F218300CAA775 /* UserCreateUser.h */ = {isa = PBXFileReference; fileEncoding = 4; lastKnownFileType = sourcecode.c.h; path = UserCreateUser.h; sourceTree = "<group>"; };
		DE39DEB2225F218300CAA775 /* UserCreateUser.xib */ = {isa = PBXFileReference; fileEncoding = 4; lastKnownFileType = file.xib; path = UserCreateUser.xib; sourceTree = "<group>"; };
		DE39DEB8225F218D00CAA775 /* AboutViewController.m */ = {isa = PBXFileReference; fileEncoding = 4; lastKnownFileType = sourcecode.c.objc; path = AboutViewController.m; sourceTree = "<group>"; };
		DE39DEB9225F218D00CAA775 /* AboutViewController.h */ = {isa = PBXFileReference; fileEncoding = 4; lastKnownFileType = sourcecode.c.h; path = AboutViewController.h; sourceTree = "<group>"; };
		DE39DEBB225F218D00CAA775 /* About.h */ = {isa = PBXFileReference; fileEncoding = 4; lastKnownFileType = sourcecode.c.h; path = About.h; sourceTree = "<group>"; };
		DE39DEBC225F218D00CAA775 /* About.m */ = {isa = PBXFileReference; fileEncoding = 4; lastKnownFileType = sourcecode.c.objc; path = About.m; sourceTree = "<group>"; };
		DE39DEBD225F218D00CAA775 /* About.xib */ = {isa = PBXFileReference; fileEncoding = 4; lastKnownFileType = file.xib; path = About.xib; sourceTree = "<group>"; };
		DE39DEC52260221800CAA775 /* OrderDetailViewController.h */ = {isa = PBXFileReference; lastKnownFileType = sourcecode.c.h; path = OrderDetailViewController.h; sourceTree = "<group>"; };
		DE39DEC62260221800CAA775 /* OrderDetailViewController.m */ = {isa = PBXFileReference; lastKnownFileType = sourcecode.c.objc; path = OrderDetailViewController.m; sourceTree = "<group>"; };
		DE39DECD2260230400CAA775 /* OrderDetail.h */ = {isa = PBXFileReference; lastKnownFileType = sourcecode.c.h; path = OrderDetail.h; sourceTree = "<group>"; };
		DE39DECE2260230400CAA775 /* OrderDetail.m */ = {isa = PBXFileReference; lastKnownFileType = sourcecode.c.objc; path = OrderDetail.m; sourceTree = "<group>"; };
		DE39DED02260230900CAA775 /* OrderDetail.xib */ = {isa = PBXFileReference; lastKnownFileType = file.xib; path = OrderDetail.xib; sourceTree = "<group>"; };
		DE39DED422603F1D00CAA775 /* BrowserViewController.m */ = {isa = PBXFileReference; fileEncoding = 4; lastKnownFileType = sourcecode.c.objc; path = BrowserViewController.m; sourceTree = "<group>"; };
		DE39DED522603F1D00CAA775 /* BrowserViewController.h */ = {isa = PBXFileReference; fileEncoding = 4; lastKnownFileType = sourcecode.c.h; path = BrowserViewController.h; sourceTree = "<group>"; };
		DE39DED722603F1D00CAA775 /* Browser.m */ = {isa = PBXFileReference; fileEncoding = 4; lastKnownFileType = sourcecode.c.objc; path = Browser.m; sourceTree = "<group>"; };
		DE39DED822603F1D00CAA775 /* Browser.h */ = {isa = PBXFileReference; fileEncoding = 4; lastKnownFileType = sourcecode.c.h; path = Browser.h; sourceTree = "<group>"; };
		DE39DED922603F1D00CAA775 /* Browser.xib */ = {isa = PBXFileReference; fileEncoding = 4; lastKnownFileType = file.xib; path = Browser.xib; sourceTree = "<group>"; };
		DE39DEDE2260408D00CAA775 /* BtnLayout.h */ = {isa = PBXFileReference; fileEncoding = 4; lastKnownFileType = sourcecode.c.h; path = BtnLayout.h; sourceTree = "<group>"; };
		DE39DEDF2260408D00CAA775 /* BtnLayout.m */ = {isa = PBXFileReference; fileEncoding = 4; lastKnownFileType = sourcecode.c.objc; path = BtnLayout.m; sourceTree = "<group>"; };
		DE58707F225C3437007FD31E /* LeanCloud.h */ = {isa = PBXFileReference; fileEncoding = 4; lastKnownFileType = sourcecode.c.h; path = LeanCloud.h; sourceTree = "<group>"; };
		DE587080225C3437007FD31E /* LeanCloud.m */ = {isa = PBXFileReference; fileEncoding = 4; lastKnownFileType = sourcecode.c.objc; path = LeanCloud.m; sourceTree = "<group>"; };
		DE587082225C3437007FD31E /* QHMessage.h */ = {isa = PBXFileReference; fileEncoding = 4; lastKnownFileType = sourcecode.c.h; path = QHMessage.h; sourceTree = "<group>"; };
		DE587083225C3437007FD31E /* QHMessage.m */ = {isa = PBXFileReference; fileEncoding = 4; lastKnownFileType = sourcecode.c.objc; path = QHMessage.m; sourceTree = "<group>"; };
		DE587089225C6A21007FD31E /* HomeViewController.h */ = {isa = PBXFileReference; lastKnownFileType = sourcecode.c.h; path = HomeViewController.h; sourceTree = "<group>"; };
		DE58708A225C6A21007FD31E /* HomeViewController.m */ = {isa = PBXFileReference; lastKnownFileType = sourcecode.c.objc; path = HomeViewController.m; sourceTree = "<group>"; };
		DE587099225C6A83007FD31E /* Home.h */ = {isa = PBXFileReference; lastKnownFileType = sourcecode.c.h; path = Home.h; sourceTree = "<group>"; };
		DE58709A225C6A83007FD31E /* Home.m */ = {isa = PBXFileReference; lastKnownFileType = sourcecode.c.objc; path = Home.m; sourceTree = "<group>"; };
		DE58709C225C6A89007FD31E /* Home.xib */ = {isa = PBXFileReference; lastKnownFileType = file.xib; path = Home.xib; sourceTree = "<group>"; };
		DE5870A2225C6CB5007FD31E /* OrderViewController.h */ = {isa = PBXFileReference; lastKnownFileType = sourcecode.c.h; path = OrderViewController.h; sourceTree = "<group>"; };
		DE5870A3225C6CB5007FD31E /* OrderViewController.m */ = {isa = PBXFileReference; lastKnownFileType = sourcecode.c.objc; path = OrderViewController.m; sourceTree = "<group>"; };
		DE5870AA225C7058007FD31E /* DaiJieDanTableViewCell.h */ = {isa = PBXFileReference; lastKnownFileType = sourcecode.c.h; path = DaiJieDanTableViewCell.h; sourceTree = "<group>"; };
		DE5870AB225C7058007FD31E /* DaiJieDanTableViewCell.m */ = {isa = PBXFileReference; lastKnownFileType = sourcecode.c.objc; path = DaiJieDanTableViewCell.m; sourceTree = "<group>"; };
		DE5870AE225C706D007FD31E /* DaiJieDanTableViewCell.xib */ = {isa = PBXFileReference; lastKnownFileType = file.xib; path = DaiJieDanTableViewCell.xib; sourceTree = "<group>"; };
		DE5870BD225DBC32007FD31E /* OngoingViewController.h */ = {isa = PBXFileReference; lastKnownFileType = sourcecode.c.h; path = OngoingViewController.h; sourceTree = "<group>"; };
		DE5870BE225DBC32007FD31E /* OngoingViewController.m */ = {isa = PBXFileReference; lastKnownFileType = sourcecode.c.objc; path = OngoingViewController.m; sourceTree = "<group>"; };
		DE8BD3A4225B7ECC0024EB25 /* Knight.app */ = {isa = PBXFileReference; explicitFileType = wrapper.application; includeInIndex = 0; path = Knight.app; sourceTree = BUILT_PRODUCTS_DIR; };
		DE8BD3A7225B7ECC0024EB25 /* AppDelegate.h */ = {isa = PBXFileReference; lastKnownFileType = sourcecode.c.h; path = AppDelegate.h; sourceTree = "<group>"; };
		DE8BD3A8225B7ECC0024EB25 /* AppDelegate.m */ = {isa = PBXFileReference; lastKnownFileType = sourcecode.c.objc; path = AppDelegate.m; sourceTree = "<group>"; };
		DE8BD3B0225B7ECD0024EB25 /* Assets.xcassets */ = {isa = PBXFileReference; lastKnownFileType = folder.assetcatalog; path = Assets.xcassets; sourceTree = "<group>"; };
		DE8BD3B3225B7ECD0024EB25 /* Base */ = {isa = PBXFileReference; lastKnownFileType = file.storyboard; name = Base; path = Base.lproj/LaunchScreen.storyboard; sourceTree = "<group>"; };
		DE8BD3B5225B7ECD0024EB25 /* Info.plist */ = {isa = PBXFileReference; lastKnownFileType = text.plist.xml; path = Info.plist; sourceTree = "<group>"; };
		DE8BD3B6225B7ECD0024EB25 /* main.m */ = {isa = PBXFileReference; lastKnownFileType = sourcecode.c.objc; path = main.m; sourceTree = "<group>"; };
		DE8BD3BC225B7ECD0024EB25 /* KnightTests.xctest */ = {isa = PBXFileReference; explicitFileType = wrapper.cfbundle; includeInIndex = 0; path = KnightTests.xctest; sourceTree = BUILT_PRODUCTS_DIR; };
		DE8BD3C0225B7ECD0024EB25 /* KnightTests.m */ = {isa = PBXFileReference; lastKnownFileType = sourcecode.c.objc; path = KnightTests.m; sourceTree = "<group>"; };
		DE8BD3C2225B7ECD0024EB25 /* Info.plist */ = {isa = PBXFileReference; lastKnownFileType = text.plist.xml; path = Info.plist; sourceTree = "<group>"; };
		DE8BD3C7225B7ECD0024EB25 /* KnightUITests.xctest */ = {isa = PBXFileReference; explicitFileType = wrapper.cfbundle; includeInIndex = 0; path = KnightUITests.xctest; sourceTree = BUILT_PRODUCTS_DIR; };
		DE8BD3CB225B7ECD0024EB25 /* KnightUITests.m */ = {isa = PBXFileReference; lastKnownFileType = sourcecode.c.objc; path = KnightUITests.m; sourceTree = "<group>"; };
		DE8BD3CD225B7ECD0024EB25 /* Info.plist */ = {isa = PBXFileReference; lastKnownFileType = text.plist.xml; path = Info.plist; sourceTree = "<group>"; };
		DE8BD3DE225B7F5E0024EB25 /* User.h */ = {isa = PBXFileReference; lastKnownFileType = sourcecode.c.h; path = User.h; sourceTree = "<group>"; };
		DE8BD3DF225B7F5E0024EB25 /* User.m */ = {isa = PBXFileReference; lastKnownFileType = sourcecode.c.objc; path = User.m; sourceTree = "<group>"; };
		DE8BD3E1225B80360024EB25 /* PrefixHeader.pch */ = {isa = PBXFileReference; lastKnownFileType = sourcecode.c.h; path = PrefixHeader.pch; sourceTree = "<group>"; };
/* End PBXFileReference section */

/* Begin PBXFrameworksBuildPhase section */
		DE8BD3A1225B7ECC0024EB25 /* Frameworks */ = {
			isa = PBXFrameworksBuildPhase;
			buildActionMask = 2147483647;
			files = (
				2AC94F50B405334545255B5F /* Pods_Knight.framework in Frameworks */,
			);
			runOnlyForDeploymentPostprocessing = 0;
		};
		DE8BD3B9225B7ECD0024EB25 /* Frameworks */ = {
			isa = PBXFrameworksBuildPhase;
			buildActionMask = 2147483647;
			files = (
				954119245057FE091A5354CD /* Pods_KnightTests.framework in Frameworks */,
			);
			runOnlyForDeploymentPostprocessing = 0;
		};
		DE8BD3C4225B7ECD0024EB25 /* Frameworks */ = {
			isa = PBXFrameworksBuildPhase;
			buildActionMask = 2147483647;
			files = (
				5B8EBD6E2EE3F58ABB3FDC4B /* Pods_KnightUITests.framework in Frameworks */,
			);
			runOnlyForDeploymentPostprocessing = 0;
		};
/* End PBXFrameworksBuildPhase section */

/* Begin PBXGroup section */
		2B6A7E6B069CF0089E8CED0A /* Frameworks */ = {
			isa = PBXGroup;
			children = (
				D27543657A47C8F992DEFE99 /* Pods_Knight.framework */,
				35D75067B5005BD3F443C11F /* Pods_KnightTests.framework */,
				BBF33611815E1A6FEFEF2BA8 /* Pods_KnightUITests.framework */,
			);
			name = Frameworks;
			sourceTree = "<group>";
		};
		4B0D00A9F4B7F88A2E7C9000 /* Pods */ = {
			isa = PBXGroup;
			children = (
				BDEAA067BBDBD598243B82EB /* Pods-Knight.debug.xcconfig */,
				0EA7D92B20BAA1B12BF6DC74 /* Pods-Knight.release.xcconfig */,
				6061572A84AE348043BACA6A /* Pods-KnightTests.debug.xcconfig */,
				10FE063C968C0039A841E7BD /* Pods-KnightTests.release.xcconfig */,
				C581FEAA3B6918C2E1A6E607 /* Pods-KnightUITests.debug.xcconfig */,
				8E9D0F45807D39004EAA89EF /* Pods-KnightUITests.release.xcconfig */,
			);
			path = Pods;
			sourceTree = "<group>";
		};
		DE1AB5AE225B84EF002AC9AD /* Controller */ = {
			isa = PBXGroup;
			children = (
				DE1AB5B0225B867E002AC9AD /* LoginViewController.h */,
				DE1AB5B1225B867E002AC9AD /* LoginViewController.m */,
			);
			path = Controller;
			sourceTree = "<group>";
		};
		DE1AB5AF225B84F8002AC9AD /* View */ = {
			isa = PBXGroup;
			children = (
				DE1AB5BA225B910E002AC9AD /* Login.h */,
				DE1AB5BB225B910E002AC9AD /* Login.m */,
				DE1AB5BD225B9116002AC9AD /* Login.xib */,
			);
			path = View;
			sourceTree = "<group>";
		};
		DE1AB5B3225B8CA0002AC9AD /* Common */ = {
			isa = PBXGroup;
			children = (
				DE1AB5B4225B8CA9002AC9AD /* Header */,
			);
			path = Common;
			sourceTree = "<group>";
		};
		DE1AB5B4225B8CA9002AC9AD /* Header */ = {
			isa = PBXGroup;
			children = (
				DE1AB5B5225B8D1B002AC9AD /* Header.h */,
				DE1AB5B6225B8D1B002AC9AD /* Header.m */,
				DE1AB5B8225B8D43002AC9AD /* Header.xib */,
			);
			path = Header;
			sourceTree = "<group>";
		};
		DE39DE78225F20EF00CAA775 /* View */ = {
			isa = PBXGroup;
			children = (
				DE39DE79225F20EF00CAA775 /* UserInfo.m */,
				DE39DE7A225F20EF00CAA775 /* UserInfo.h */,
				DE39DE7B225F20EF00CAA775 /* UserInfo.xib */,
			);
			path = View;
			sourceTree = "<group>";
		};
		DE39DE7C225F20EF00CAA775 /* Controller */ = {
			isa = PBXGroup;
			children = (
				DE39DE7D225F20EF00CAA775 /* UserInfoViewController.h */,
				DE39DE7E225F20EF00CAA775 /* UserInfoViewController.m */,
			);
			path = Controller;
			sourceTree = "<group>";
		};
		DE39DE82225F212000CAA775 /* UserHeaderTableViewCell */ = {
			isa = PBXGroup;
			children = (
				DE39DE83225F212000CAA775 /* UserHeaderTableViewCell.h */,
				DE39DE84225F212000CAA775 /* UserHeaderTableViewCell.m */,
				DE39DE85225F212000CAA775 /* UserHeaderTableViewCell.xib */,
			);
			path = UserHeaderTableViewCell;
			sourceTree = "<group>";
		};
		DE39DE86225F212000CAA775 /* UserLineTableViewCell */ = {
			isa = PBXGroup;
			children = (
				DE39DE87225F212000CAA775 /* UserLineTableViewCell.xib */,
				DE39DE88225F212000CAA775 /* UserLineTableViewCell.h */,
				DE39DE89225F212000CAA775 /* UserLineTableViewCell.m */,
			);
			path = UserLineTableViewCell;
			sourceTree = "<group>";
		};
		DE39DE8A225F212000CAA775 /* UserMenuTableViewCell */ = {
			isa = PBXGroup;
			children = (
				DE39DE8B225F212000CAA775 /* UserMenuTableViewCell.h */,
				DE39DE8C225F212000CAA775 /* UserMenuTableViewCell.m */,
				DE39DE8D225F212000CAA775 /* UserMenuTableViewCell.xib */,
			);
			path = UserMenuTableViewCell;
			sourceTree = "<group>";
		};
		DE39DE8E225F212100CAA775 /* UserInputTableViewCell */ = {
			isa = PBXGroup;
			children = (
				DE39DE8F225F212100CAA775 /* UserInputTableViewCell.h */,
				DE39DE90225F212100CAA775 /* UserInputTableViewCell.xib */,
				DE39DE91225F212100CAA775 /* UserInputTableViewCell.m */,
			);
			path = UserInputTableViewCell;
			sourceTree = "<group>";
		};
		DE39DE92225F212100CAA775 /* UserLabelTableViewCell */ = {
			isa = PBXGroup;
			children = (
				DE39DE93225F212100CAA775 /* UserLabelTableViewCell.h */,
				DE39DE94225F212100CAA775 /* UserLabelTableViewCell.m */,
				DE39DE95225F212100CAA775 /* UserLabelTableViewCell.xib */,
			);
			path = UserLabelTableViewCell;
			sourceTree = "<group>";
		};
		DE39DEA0225F216D00CAA775 /* UserEditPassword */ = {
			isa = PBXGroup;
			children = (
				DE39DEA1225F216D00CAA775 /* Controller */,
				DE39DEA4225F216D00CAA775 /* View */,
			);
			path = UserEditPassword;
			sourceTree = "<group>";
		};
		DE39DEA1225F216D00CAA775 /* Controller */ = {
			isa = PBXGroup;
			children = (
				DE39DEA2225F216D00CAA775 /* UserEditPasswordViewController.h */,
				DE39DEA3225F216D00CAA775 /* UserEditPasswordViewController.m */,
			);
			path = Controller;
			sourceTree = "<group>";
		};
		DE39DEA4225F216D00CAA775 /* View */ = {
			isa = PBXGroup;
			children = (
				DE39DEA5225F216D00CAA775 /* UserEditPassword.h */,
				DE39DEA6225F216D00CAA775 /* UserEditPassword.xib */,
				DE39DEA7225F216D00CAA775 /* UserEditPassword.m */,
			);
			path = View;
			sourceTree = "<group>";
		};
		DE39DEAB225F218300CAA775 /* UserCreateUser */ = {
			isa = PBXGroup;
			children = (
				DE39DEAC225F218300CAA775 /* Controller */,
				DE39DEAF225F218300CAA775 /* View */,
			);
			path = UserCreateUser;
			sourceTree = "<group>";
		};
		DE39DEAC225F218300CAA775 /* Controller */ = {
			isa = PBXGroup;
			children = (
				DE39DEAD225F218300CAA775 /* UserCreateUserViewController.m */,
				DE39DEAE225F218300CAA775 /* UserCreateUserViewController.h */,
			);
			path = Controller;
			sourceTree = "<group>";
		};
		DE39DEAF225F218300CAA775 /* View */ = {
			isa = PBXGroup;
			children = (
				DE39DEB0225F218300CAA775 /* UserCreateUser.m */,
				DE39DEB1225F218300CAA775 /* UserCreateUser.h */,
				DE39DEB2225F218300CAA775 /* UserCreateUser.xib */,
			);
			path = View;
			sourceTree = "<group>";
		};
		DE39DEB6225F218D00CAA775 /* About */ = {
			isa = PBXGroup;
			children = (
				DE39DEB7225F218D00CAA775 /* Controller */,
				DE39DEBA225F218D00CAA775 /* View */,
			);
			path = About;
			sourceTree = "<group>";
		};
		DE39DEB7225F218D00CAA775 /* Controller */ = {
			isa = PBXGroup;
			children = (
				DE39DEB8225F218D00CAA775 /* AboutViewController.m */,
				DE39DEB9225F218D00CAA775 /* AboutViewController.h */,
			);
			path = Controller;
			sourceTree = "<group>";
		};
		DE39DEBA225F218D00CAA775 /* View */ = {
			isa = PBXGroup;
			children = (
				DE39DEBB225F218D00CAA775 /* About.h */,
				DE39DEBC225F218D00CAA775 /* About.m */,
				DE39DEBD225F218D00CAA775 /* About.xib */,
			);
			path = View;
			sourceTree = "<group>";
		};
		DE39DEC1226021B700CAA775 /* OrderDetail */ = {
			isa = PBXGroup;
			children = (
				DE39DEC4226021F600CAA775 /* View */,
				DE39DEC3226021E000CAA775 /* Controller */,
			);
			path = OrderDetail;
			sourceTree = "<group>";
		};
		DE39DEC3226021E000CAA775 /* Controller */ = {
			isa = PBXGroup;
			children = (
				DE39DEC52260221800CAA775 /* OrderDetailViewController.h */,
				DE39DEC62260221800CAA775 /* OrderDetailViewController.m */,
			);
			path = Controller;
			sourceTree = "<group>";
		};
		DE39DEC4226021F600CAA775 /* View */ = {
			isa = PBXGroup;
			children = (
				DE39DECD2260230400CAA775 /* OrderDetail.h */,
				DE39DECE2260230400CAA775 /* OrderDetail.m */,
				DE39DED02260230900CAA775 /* OrderDetail.xib */,
			);
			path = View;
			sourceTree = "<group>";
		};
		DE39DED222603F1D00CAA775 /* Browser */ = {
			isa = PBXGroup;
			children = (
				DE39DED322603F1D00CAA775 /* Controller */,
				DE39DED622603F1D00CAA775 /* View */,
			);
			path = Browser;
			sourceTree = "<group>";
		};
		DE39DED322603F1D00CAA775 /* Controller */ = {
			isa = PBXGroup;
			children = (
				DE39DED422603F1D00CAA775 /* BrowserViewController.m */,
				DE39DED522603F1D00CAA775 /* BrowserViewController.h */,
			);
			path = Controller;
			sourceTree = "<group>";
		};
		DE39DED622603F1D00CAA775 /* View */ = {
			isa = PBXGroup;
			children = (
				DE39DED722603F1D00CAA775 /* Browser.m */,
				DE39DED822603F1D00CAA775 /* Browser.h */,
				DE39DED922603F1D00CAA775 /* Browser.xib */,
			);
			path = View;
			sourceTree = "<group>";
		};
		DE39DEDD2260408D00CAA775 /* BtnLayout */ = {
			isa = PBXGroup;
			children = (
				DE39DEDE2260408D00CAA775 /* BtnLayout.h */,
				DE39DEDF2260408D00CAA775 /* BtnLayout.m */,
			);
			path = BtnLayout;
			sourceTree = "<group>";
		};
		DE58707E225C3437007FD31E /* LeanCloud */ = {
			isa = PBXGroup;
			children = (
				DE58707F225C3437007FD31E /* LeanCloud.h */,
				DE587080225C3437007FD31E /* LeanCloud.m */,
			);
			path = LeanCloud;
			sourceTree = "<group>";
		};
		DE587081225C3437007FD31E /* QHMessage */ = {
			isa = PBXGroup;
			children = (
				DE587082225C3437007FD31E /* QHMessage.h */,
				DE587083225C3437007FD31E /* QHMessage.m */,
			);
			path = QHMessage;
			sourceTree = "<group>";
		};
		DE587086225C6A08007FD31E /* Home */ = {
			isa = PBXGroup;
			children = (
				DE587088225C6A10007FD31E /* View */,
				DE587087225C6A0C007FD31E /* Controller */,
			);
			path = Home;
			sourceTree = "<group>";
		};
		DE587087225C6A0C007FD31E /* Controller */ = {
			isa = PBXGroup;
			children = (
				DE587089225C6A21007FD31E /* HomeViewController.h */,
				DE58708A225C6A21007FD31E /* HomeViewController.m */,
			);
			path = Controller;
			sourceTree = "<group>";
		};
		DE587088225C6A10007FD31E /* View */ = {
			isa = PBXGroup;
			children = (
				DE587099225C6A83007FD31E /* Home.h */,
				DE58709A225C6A83007FD31E /* Home.m */,
				DE58709C225C6A89007FD31E /* Home.xib */,
			);
			path = View;
			sourceTree = "<group>";
		};
		DE58708C225C6A3F007FD31E /* UserInfo */ = {
			isa = PBXGroup;
			children = (
				DE39DE7C225F20EF00CAA775 /* Controller */,
				DE39DE78225F20EF00CAA775 /* View */,
			);
			path = UserInfo;
			sourceTree = "<group>";
		};
		DE58709E225C6C91007FD31E /* Order */ = {
			isa = PBXGroup;
			children = (
				DE5870A0225C6C9B007FD31E /* View */,
				DE58709F225C6C97007FD31E /* Controller */,
			);
			path = Order;
			sourceTree = "<group>";
		};
		DE58709F225C6C97007FD31E /* Controller */ = {
			isa = PBXGroup;
			children = (
				DE5870A2225C6CB5007FD31E /* OrderViewController.h */,
				DE5870A3225C6CB5007FD31E /* OrderViewController.m */,
			);
			path = Controller;
			sourceTree = "<group>";
		};
		DE5870A0225C6C9B007FD31E /* View */ = {
			isa = PBXGroup;
			children = (
				DE39DE73225F174200CAA775 /* Order.h */,
				DE39DE74225F174200CAA775 /* Order.m */,
				DE39DE76225F174900CAA775 /* Order.xib */,
			);
			path = View;
			sourceTree = "<group>";
		};
		DE5870A5225C7020007FD31E /* Cell */ = {
			isa = PBXGroup;
			children = (
				DE39DE82225F212000CAA775 /* UserHeaderTableViewCell */,
				DE39DE8E225F212100CAA775 /* UserInputTableViewCell */,
				DE39DE92225F212100CAA775 /* UserLabelTableViewCell */,
				DE39DE86225F212000CAA775 /* UserLineTableViewCell */,
				DE39DE8A225F212000CAA775 /* UserMenuTableViewCell */,
				DE5870A6225C7025007FD31E /* DaiJieDan */,
			);
			path = Cell;
			sourceTree = "<group>";
		};
		DE5870A6225C7025007FD31E /* DaiJieDan */ = {
			isa = PBXGroup;
			children = (
				DE5870AA225C7058007FD31E /* DaiJieDanTableViewCell.h */,
				DE5870AB225C7058007FD31E /* DaiJieDanTableViewCell.m */,
				DE5870AE225C706D007FD31E /* DaiJieDanTableViewCell.xib */,
			);
			path = DaiJieDan;
			sourceTree = "<group>";
		};
		DE5870B6225DBBF6007FD31E /* Ongoing */ = {
			isa = PBXGroup;
			children = (
				DE5870B9225DBC08007FD31E /* View */,
				DE5870B7225DBBFD007FD31E /* Controller */,
			);
			path = Ongoing;
			sourceTree = "<group>";
		};
		DE5870B7225DBBFD007FD31E /* Controller */ = {
			isa = PBXGroup;
			children = (
				DE5870BD225DBC32007FD31E /* OngoingViewController.h */,
				DE5870BE225DBC32007FD31E /* OngoingViewController.m */,
			);
			path = Controller;
			sourceTree = "<group>";
		};
		DE5870B9225DBC08007FD31E /* View */ = {
			isa = PBXGroup;
			children = (
				DE39DE6D225DBD9C00CAA775 /* Ongoing.h */,
				DE39DE6E225DBD9C00CAA775 /* Ongoing.m */,
				DE39DE70225DBDA300CAA775 /* Ongoing.xib */,
			);
			path = View;
			sourceTree = "<group>";
		};
		DE8BD39B225B7ECC0024EB25 = {
			isa = PBXGroup;
			children = (
				DE8BD3A6225B7ECC0024EB25 /* Knight */,
				DE8BD3BF225B7ECD0024EB25 /* KnightTests */,
				DE8BD3CA225B7ECD0024EB25 /* KnightUITests */,
				DE8BD3A5225B7ECC0024EB25 /* Products */,
				4B0D00A9F4B7F88A2E7C9000 /* Pods */,
				2B6A7E6B069CF0089E8CED0A /* Frameworks */,
			);
			sourceTree = "<group>";
		};
		DE8BD3A5225B7ECC0024EB25 /* Products */ = {
			isa = PBXGroup;
			children = (
				DE8BD3A4225B7ECC0024EB25 /* Knight.app */,
				DE8BD3BC225B7ECD0024EB25 /* KnightTests.xctest */,
				DE8BD3C7225B7ECD0024EB25 /* KnightUITests.xctest */,
			);
			name = Products;
			sourceTree = "<group>";
		};
		DE8BD3A6225B7ECC0024EB25 /* Knight */ = {
			isa = PBXGroup;
			children = (
				DE1088932260747A00060BDB /* Knight.entitlements */,
				DE8BD3DC225B7F330024EB25 /* Vendor */,
				DE8BD3D9225B7F060024EB25 /* Application */,
				DE8BD3B0225B7ECD0024EB25 /* Assets.xcassets */,
				DE8BD3B2225B7ECD0024EB25 /* LaunchScreen.storyboard */,
				DE8BD3B5225B7ECD0024EB25 /* Info.plist */,
				DE8BD3B6225B7ECD0024EB25 /* main.m */,
			);
			path = Knight;
			sourceTree = "<group>";
		};
		DE8BD3BF225B7ECD0024EB25 /* KnightTests */ = {
			isa = PBXGroup;
			children = (
				DE8BD3C0225B7ECD0024EB25 /* KnightTests.m */,
				DE8BD3C2225B7ECD0024EB25 /* Info.plist */,
			);
			path = KnightTests;
			sourceTree = "<group>";
		};
		DE8BD3CA225B7ECD0024EB25 /* KnightUITests */ = {
			isa = PBXGroup;
			children = (
				DE8BD3CB225B7ECD0024EB25 /* KnightUITests.m */,
				DE8BD3CD225B7ECD0024EB25 /* Info.plist */,
			);
			path = KnightUITests;
			sourceTree = "<group>";
		};
		DE8BD3D9225B7F060024EB25 /* Application */ = {
			isa = PBXGroup;
			children = (
				DE39DED222603F1D00CAA775 /* Browser */,
				DE39DEC1226021B700CAA775 /* OrderDetail */,
				DE39DEB6225F218D00CAA775 /* About */,
				DE39DEAB225F218300CAA775 /* UserCreateUser */,
				DE39DEA0225F216D00CAA775 /* UserEditPassword */,
				DE5870A5225C7020007FD31E /* Cell */,
				DE5870B6225DBBF6007FD31E /* Ongoing */,
				DE58709E225C6C91007FD31E /* Order */,
				DE58708C225C6A3F007FD31E /* UserInfo */,
				DE587086225C6A08007FD31E /* Home */,
				DE1AB5B3225B8CA0002AC9AD /* Common */,
				DE8BD3DB225B7F280024EB25 /* Login */,
				DE8BD3DA225B7F0D0024EB25 /* App */,
			);
			path = Application;
			sourceTree = "<group>";
		};
		DE8BD3DA225B7F0D0024EB25 /* App */ = {
			isa = PBXGroup;
			children = (
				DE8BD3A7225B7ECC0024EB25 /* AppDelegate.h */,
				DE8BD3A8225B7ECC0024EB25 /* AppDelegate.m */,
			);
			path = App;
			sourceTree = "<group>";
		};
		DE8BD3DB225B7F280024EB25 /* Login */ = {
			isa = PBXGroup;
			children = (
				DE1AB5AF225B84F8002AC9AD /* View */,
				DE1AB5AE225B84EF002AC9AD /* Controller */,
			);
			path = Login;
			sourceTree = "<group>";
		};
		DE8BD3DC225B7F330024EB25 /* Vendor */ = {
			isa = PBXGroup;
			children = (
				DE39DEDD2260408D00CAA775 /* BtnLayout */,
				DE58707E225C3437007FD31E /* LeanCloud */,
				DE587081225C3437007FD31E /* QHMessage */,
				DE8BD3DD225B7F550024EB25 /* User */,
				DE8BD3E1225B80360024EB25 /* PrefixHeader.pch */,
			);
			path = Vendor;
			sourceTree = "<group>";
		};
		DE8BD3DD225B7F550024EB25 /* User */ = {
			isa = PBXGroup;
			children = (
				DE8BD3DE225B7F5E0024EB25 /* User.h */,
				DE8BD3DF225B7F5E0024EB25 /* User.m */,
			);
			path = User;
			sourceTree = "<group>";
		};
/* End PBXGroup section */

/* Begin PBXNativeTarget section */
		DE8BD3A3225B7ECC0024EB25 /* Knight */ = {
			isa = PBXNativeTarget;
			buildConfigurationList = DE8BD3D0225B7ECD0024EB25 /* Build configuration list for PBXNativeTarget "Knight" */;
			buildPhases = (
				A00F91DBE60708404A6C0E4B /* [CP] Check Pods Manifest.lock */,
				DE8BD3A0225B7ECC0024EB25 /* Sources */,
				DE8BD3A1225B7ECC0024EB25 /* Frameworks */,
				DE8BD3A2225B7ECC0024EB25 /* Resources */,
				B72C38360F2DA1183B4CD1DF /* [CP] Embed Pods Frameworks */,
			);
			buildRules = (
			);
			dependencies = (
			);
			name = Knight;
			productName = Knight;
			productReference = DE8BD3A4225B7ECC0024EB25 /* Knight.app */;
			productType = "com.apple.product-type.application";
		};
		DE8BD3BB225B7ECD0024EB25 /* KnightTests */ = {
			isa = PBXNativeTarget;
			buildConfigurationList = DE8BD3D3225B7ECD0024EB25 /* Build configuration list for PBXNativeTarget "KnightTests" */;
			buildPhases = (
				62CF5C97DB5F249E5ABAEE16 /* [CP] Check Pods Manifest.lock */,
				DE8BD3B8225B7ECD0024EB25 /* Sources */,
				DE8BD3B9225B7ECD0024EB25 /* Frameworks */,
				DE8BD3BA225B7ECD0024EB25 /* Resources */,
			);
			buildRules = (
			);
			dependencies = (
				DE8BD3BE225B7ECD0024EB25 /* PBXTargetDependency */,
			);
			name = KnightTests;
			productName = KnightTests;
			productReference = DE8BD3BC225B7ECD0024EB25 /* KnightTests.xctest */;
			productType = "com.apple.product-type.bundle.unit-test";
		};
		DE8BD3C6225B7ECD0024EB25 /* KnightUITests */ = {
			isa = PBXNativeTarget;
			buildConfigurationList = DE8BD3D6225B7ECD0024EB25 /* Build configuration list for PBXNativeTarget "KnightUITests" */;
			buildPhases = (
				FF13266EA4AAB3F8CAF8631F /* [CP] Check Pods Manifest.lock */,
				DE8BD3C3225B7ECD0024EB25 /* Sources */,
				DE8BD3C4225B7ECD0024EB25 /* Frameworks */,
				DE8BD3C5225B7ECD0024EB25 /* Resources */,
			);
			buildRules = (
			);
			dependencies = (
				DE8BD3C9225B7ECD0024EB25 /* PBXTargetDependency */,
			);
			name = KnightUITests;
			productName = KnightUITests;
			productReference = DE8BD3C7225B7ECD0024EB25 /* KnightUITests.xctest */;
			productType = "com.apple.product-type.bundle.ui-testing";
		};
/* End PBXNativeTarget section */

/* Begin PBXProject section */
		DE8BD39C225B7ECC0024EB25 /* Project object */ = {
			isa = PBXProject;
			attributes = {
				LastUpgradeCheck = 1010;
				ORGANIZATIONNAME = QiuHao;
				TargetAttributes = {
					DE8BD3A3225B7ECC0024EB25 = {
						CreatedOnToolsVersion = 10.1;
						SystemCapabilities = {
							com.apple.Push = {
								enabled = 1;
							};
						};
					};
					DE8BD3BB225B7ECD0024EB25 = {
						CreatedOnToolsVersion = 10.1;
						TestTargetID = DE8BD3A3225B7ECC0024EB25;
					};
					DE8BD3C6225B7ECD0024EB25 = {
						CreatedOnToolsVersion = 10.1;
						TestTargetID = DE8BD3A3225B7ECC0024EB25;
					};
				};
			};
			buildConfigurationList = DE8BD39F225B7ECC0024EB25 /* Build configuration list for PBXProject "Knight" */;
			compatibilityVersion = "Xcode 9.3";
			developmentRegion = en;
			hasScannedForEncodings = 0;
			knownRegions = (
				en,
				Base,
			);
			mainGroup = DE8BD39B225B7ECC0024EB25;
			productRefGroup = DE8BD3A5225B7ECC0024EB25 /* Products */;
			projectDirPath = "";
			projectRoot = "";
			targets = (
				DE8BD3A3225B7ECC0024EB25 /* Knight */,
				DE8BD3BB225B7ECD0024EB25 /* KnightTests */,
				DE8BD3C6225B7ECD0024EB25 /* KnightUITests */,
			);
		};
/* End PBXProject section */

/* Begin PBXResourcesBuildPhase section */
		DE8BD3A2225B7ECC0024EB25 /* Resources */ = {
			isa = PBXResourcesBuildPhase;
			buildActionMask = 2147483647;
			files = (
				DE39DE80225F20EF00CAA775 /* UserInfo.xib in Resources */,
				DE39DE98225F212100CAA775 /* UserLineTableViewCell.xib in Resources */,
				DE8BD3B4225B7ECD0024EB25 /* LaunchScreen.storyboard in Resources */,
				DE1AB5B9225B8D43002AC9AD /* Header.xib in Resources */,
				DE5870AF225C706D007FD31E /* DaiJieDanTableViewCell.xib in Resources */,
				DE39DEB5225F218300CAA775 /* UserCreateUser.xib in Resources */,
				DE39DEA9225F216E00CAA775 /* UserEditPassword.xib in Resources */,
				DE39DEDC22603F1D00CAA775 /* Browser.xib in Resources */,
				DE8BD3B1225B7ECD0024EB25 /* Assets.xcassets in Resources */,
				DE39DEC0225F218D00CAA775 /* About.xib in Resources */,
				DE39DE97225F212100CAA775 /* UserHeaderTableViewCell.xib in Resources */,
				DE39DE77225F174A00CAA775 /* Order.xib in Resources */,
				DE39DE71225DBDA300CAA775 /* Ongoing.xib in Resources */,
				DE39DE9F225F212100CAA775 /* UserLabelTableViewCell.xib in Resources */,
				DE39DE9B225F212100CAA775 /* UserMenuTableViewCell.xib in Resources */,
				DE58709D225C6A89007FD31E /* Home.xib in Resources */,
				DE39DED12260230900CAA775 /* OrderDetail.xib in Resources */,
				DE1AB5BE225B9116002AC9AD /* Login.xib in Resources */,
				DE39DE9C225F212100CAA775 /* UserInputTableViewCell.xib in Resources */,
			);
			runOnlyForDeploymentPostprocessing = 0;
		};
		DE8BD3BA225B7ECD0024EB25 /* Resources */ = {
			isa = PBXResourcesBuildPhase;
			buildActionMask = 2147483647;
			files = (
			);
			runOnlyForDeploymentPostprocessing = 0;
		};
		DE8BD3C5225B7ECD0024EB25 /* Resources */ = {
			isa = PBXResourcesBuildPhase;
			buildActionMask = 2147483647;
			files = (
			);
			runOnlyForDeploymentPostprocessing = 0;
		};
/* End PBXResourcesBuildPhase section */

/* Begin PBXShellScriptBuildPhase section */
		62CF5C97DB5F249E5ABAEE16 /* [CP] Check Pods Manifest.lock */ = {
			isa = PBXShellScriptBuildPhase;
			buildActionMask = 2147483647;
			files = (
			);
			inputFileListPaths = (
			);
			inputPaths = (
				"${PODS_PODFILE_DIR_PATH}/Podfile.lock",
				"${PODS_ROOT}/Manifest.lock",
			);
			name = "[CP] Check Pods Manifest.lock";
			outputFileListPaths = (
			);
			outputPaths = (
				"$(DERIVED_FILE_DIR)/Pods-KnightTests-checkManifestLockResult.txt",
			);
			runOnlyForDeploymentPostprocessing = 0;
			shellPath = /bin/sh;
			shellScript = "diff \"${PODS_PODFILE_DIR_PATH}/Podfile.lock\" \"${PODS_ROOT}/Manifest.lock\" > /dev/null\nif [ $? != 0 ] ; then\n    # print error to STDERR\n    echo \"error: The sandbox is not in sync with the Podfile.lock. Run 'pod install' or update your CocoaPods installation.\" >&2\n    exit 1\nfi\n# This output is used by Xcode 'outputs' to avoid re-running this script phase.\necho \"SUCCESS\" > \"${SCRIPT_OUTPUT_FILE_0}\"\n";
			showEnvVarsInLog = 0;
		};
		A00F91DBE60708404A6C0E4B /* [CP] Check Pods Manifest.lock */ = {
			isa = PBXShellScriptBuildPhase;
			buildActionMask = 2147483647;
			files = (
			);
			inputFileListPaths = (
			);
			inputPaths = (
				"${PODS_PODFILE_DIR_PATH}/Podfile.lock",
				"${PODS_ROOT}/Manifest.lock",
			);
			name = "[CP] Check Pods Manifest.lock";
			outputFileListPaths = (
			);
			outputPaths = (
				"$(DERIVED_FILE_DIR)/Pods-Knight-checkManifestLockResult.txt",
			);
			runOnlyForDeploymentPostprocessing = 0;
			shellPath = /bin/sh;
			shellScript = "diff \"${PODS_PODFILE_DIR_PATH}/Podfile.lock\" \"${PODS_ROOT}/Manifest.lock\" > /dev/null\nif [ $? != 0 ] ; then\n    # print error to STDERR\n    echo \"error: The sandbox is not in sync with the Podfile.lock. Run 'pod install' or update your CocoaPods installation.\" >&2\n    exit 1\nfi\n# This output is used by Xcode 'outputs' to avoid re-running this script phase.\necho \"SUCCESS\" > \"${SCRIPT_OUTPUT_FILE_0}\"\n";
			showEnvVarsInLog = 0;
		};
		B72C38360F2DA1183B4CD1DF /* [CP] Embed Pods Frameworks */ = {
			isa = PBXShellScriptBuildPhase;
			buildActionMask = 2147483647;
			files = (
			);
			inputFileListPaths = (
				"${PODS_ROOT}/Target Support Files/Pods-Knight/Pods-Knight-frameworks-${CONFIGURATION}-input-files.xcfilelist",
			);
			name = "[CP] Embed Pods Frameworks";
			outputFileListPaths = (
				"${PODS_ROOT}/Target Support Files/Pods-Knight/Pods-Knight-frameworks-${CONFIGURATION}-output-files.xcfilelist",
			);
			runOnlyForDeploymentPostprocessing = 0;
			shellPath = /bin/sh;
			shellScript = "\"${PODS_ROOT}/Target Support Files/Pods-Knight/Pods-Knight-frameworks.sh\"\n";
			showEnvVarsInLog = 0;
		};
		FF13266EA4AAB3F8CAF8631F /* [CP] Check Pods Manifest.lock */ = {
			isa = PBXShellScriptBuildPhase;
			buildActionMask = 2147483647;
			files = (
			);
			inputFileListPaths = (
			);
			inputPaths = (
				"${PODS_PODFILE_DIR_PATH}/Podfile.lock",
				"${PODS_ROOT}/Manifest.lock",
			);
			name = "[CP] Check Pods Manifest.lock";
			outputFileListPaths = (
			);
			outputPaths = (
				"$(DERIVED_FILE_DIR)/Pods-KnightUITests-checkManifestLockResult.txt",
			);
			runOnlyForDeploymentPostprocessing = 0;
			shellPath = /bin/sh;
			shellScript = "diff \"${PODS_PODFILE_DIR_PATH}/Podfile.lock\" \"${PODS_ROOT}/Manifest.lock\" > /dev/null\nif [ $? != 0 ] ; then\n    # print error to STDERR\n    echo \"error: The sandbox is not in sync with the Podfile.lock. Run 'pod install' or update your CocoaPods installation.\" >&2\n    exit 1\nfi\n# This output is used by Xcode 'outputs' to avoid re-running this script phase.\necho \"SUCCESS\" > \"${SCRIPT_OUTPUT_FILE_0}\"\n";
			showEnvVarsInLog = 0;
		};
/* End PBXShellScriptBuildPhase section */

/* Begin PBXSourcesBuildPhase section */
		DE8BD3A0225B7ECC0024EB25 /* Sources */ = {
			isa = PBXSourcesBuildPhase;
			buildActionMask = 2147483647;
			files = (
				DE39DE99225F212100CAA775 /* UserLineTableViewCell.m in Sources */,
				DE39DE9A225F212100CAA775 /* UserMenuTableViewCell.m in Sources */,
				DE39DE7F225F20EF00CAA775 /* UserInfo.m in Sources */,
				DE1AB5B2225B867E002AC9AD /* LoginViewController.m in Sources */,
				DE39DE75225F174200CAA775 /* Order.m in Sources */,
				DE39DEA8225F216E00CAA775 /* UserEditPasswordViewController.m in Sources */,
				DE39DE81225F20EF00CAA775 /* UserInfoViewController.m in Sources */,
				DE39DECF2260230400CAA775 /* OrderDetail.m in Sources */,
				DE39DEDB22603F1D00CAA775 /* Browser.m in Sources */,
				DE8BD3B7225B7ECD0024EB25 /* main.m in Sources */,
				DE58709B225C6A83007FD31E /* Home.m in Sources */,
				DE39DEDA22603F1D00CAA775 /* BrowserViewController.m in Sources */,
				DE39DE9D225F212100CAA775 /* UserInputTableViewCell.m in Sources */,
				DE39DE9E225F212100CAA775 /* UserLabelTableViewCell.m in Sources */,
				DE8BD3A9225B7ECC0024EB25 /* AppDelegate.m in Sources */,
				DE1AB5BC225B910E002AC9AD /* Login.m in Sources */,
				DE39DEAA225F216E00CAA775 /* UserEditPassword.m in Sources */,
				DE39DE6F225DBD9C00CAA775 /* Ongoing.m in Sources */,
				DE587085225C3437007FD31E /* QHMessage.m in Sources */,
				DE39DEB3225F218300CAA775 /* UserCreateUserViewController.m in Sources */,
				DE39DEE02260408D00CAA775 /* BtnLayout.m in Sources */,
				DE58708B225C6A21007FD31E /* HomeViewController.m in Sources */,
				DE39DEBE225F218D00CAA775 /* AboutViewController.m in Sources */,
				DE587084225C3437007FD31E /* LeanCloud.m in Sources */,
				DE5870BF225DBC32007FD31E /* OngoingViewController.m in Sources */,
				DE39DEBF225F218D00CAA775 /* About.m in Sources */,
				DE39DE96225F212100CAA775 /* UserHeaderTableViewCell.m in Sources */,
				DE39DEB4225F218300CAA775 /* UserCreateUser.m in Sources */,
				DE39DEC72260221800CAA775 /* OrderDetailViewController.m in Sources */,
				DE8BD3E0225B7F5E0024EB25 /* User.m in Sources */,
				DE1AB5B7225B8D1B002AC9AD /* Header.m in Sources */,
				DE5870A4225C6CB5007FD31E /* OrderViewController.m in Sources */,
				DE5870AC225C7058007FD31E /* DaiJieDanTableViewCell.m in Sources */,
			);
			runOnlyForDeploymentPostprocessing = 0;
		};
		DE8BD3B8225B7ECD0024EB25 /* Sources */ = {
			isa = PBXSourcesBuildPhase;
			buildActionMask = 2147483647;
			files = (
				DE8BD3C1225B7ECD0024EB25 /* KnightTests.m in Sources */,
			);
			runOnlyForDeploymentPostprocessing = 0;
		};
		DE8BD3C3225B7ECD0024EB25 /* Sources */ = {
			isa = PBXSourcesBuildPhase;
			buildActionMask = 2147483647;
			files = (
				DE8BD3CC225B7ECD0024EB25 /* KnightUITests.m in Sources */,
			);
			runOnlyForDeploymentPostprocessing = 0;
		};
/* End PBXSourcesBuildPhase section */

/* Begin PBXTargetDependency section */
		DE8BD3BE225B7ECD0024EB25 /* PBXTargetDependency */ = {
			isa = PBXTargetDependency;
			target = DE8BD3A3225B7ECC0024EB25 /* Knight */;
			targetProxy = DE8BD3BD225B7ECD0024EB25 /* PBXContainerItemProxy */;
		};
		DE8BD3C9225B7ECD0024EB25 /* PBXTargetDependency */ = {
			isa = PBXTargetDependency;
			target = DE8BD3A3225B7ECC0024EB25 /* Knight */;
			targetProxy = DE8BD3C8225B7ECD0024EB25 /* PBXContainerItemProxy */;
		};
/* End PBXTargetDependency section */

/* Begin PBXVariantGroup section */
		DE8BD3B2225B7ECD0024EB25 /* LaunchScreen.storyboard */ = {
			isa = PBXVariantGroup;
			children = (
				DE8BD3B3225B7ECD0024EB25 /* Base */,
			);
			name = LaunchScreen.storyboard;
			sourceTree = "<group>";
		};
/* End PBXVariantGroup section */

/* Begin XCBuildConfiguration section */
		DE8BD3CE225B7ECD0024EB25 /* Debug */ = {
			isa = XCBuildConfiguration;
			buildSettings = {
				ALWAYS_SEARCH_USER_PATHS = NO;
				CLANG_ANALYZER_NONNULL = YES;
				CLANG_ANALYZER_NUMBER_OBJECT_CONVERSION = YES_AGGRESSIVE;
				CLANG_CXX_LANGUAGE_STANDARD = "gnu++14";
				CLANG_CXX_LIBRARY = "libc++";
				CLANG_ENABLE_MODULES = YES;
				CLANG_ENABLE_OBJC_ARC = YES;
				CLANG_ENABLE_OBJC_WEAK = YES;
				CLANG_WARN_BLOCK_CAPTURE_AUTORELEASING = YES;
				CLANG_WARN_BOOL_CONVERSION = YES;
				CLANG_WARN_COMMA = YES;
				CLANG_WARN_CONSTANT_CONVERSION = YES;
				CLANG_WARN_DEPRECATED_OBJC_IMPLEMENTATIONS = YES;
				CLANG_WARN_DIRECT_OBJC_ISA_USAGE = YES_ERROR;
				CLANG_WARN_DOCUMENTATION_COMMENTS = YES;
				CLANG_WARN_EMPTY_BODY = YES;
				CLANG_WARN_ENUM_CONVERSION = YES;
				CLANG_WARN_INFINITE_RECURSION = YES;
				CLANG_WARN_INT_CONVERSION = YES;
				CLANG_WARN_NON_LITERAL_NULL_CONVERSION = YES;
				CLANG_WARN_OBJC_IMPLICIT_RETAIN_SELF = YES;
				CLANG_WARN_OBJC_LITERAL_CONVERSION = YES;
				CLANG_WARN_OBJC_ROOT_CLASS = YES_ERROR;
				CLANG_WARN_RANGE_LOOP_ANALYSIS = YES;
				CLANG_WARN_STRICT_PROTOTYPES = YES;
				CLANG_WARN_SUSPICIOUS_MOVE = YES;
				CLANG_WARN_UNGUARDED_AVAILABILITY = YES_AGGRESSIVE;
				CLANG_WARN_UNREACHABLE_CODE = YES;
				CLANG_WARN__DUPLICATE_METHOD_MATCH = YES;
				CODE_SIGN_IDENTITY = "iPhone Developer";
				COPY_PHASE_STRIP = NO;
				DEBUG_INFORMATION_FORMAT = dwarf;
				ENABLE_STRICT_OBJC_MSGSEND = YES;
				ENABLE_TESTABILITY = YES;
				GCC_C_LANGUAGE_STANDARD = gnu11;
				GCC_DYNAMIC_NO_PIC = NO;
				GCC_NO_COMMON_BLOCKS = YES;
				GCC_OPTIMIZATION_LEVEL = 0;
				GCC_PREFIX_HEADER = /Users/qiuhao/Source/KnightIOS/Knight/Vendor/PrefixHeader.pch;
				GCC_PREPROCESSOR_DEFINITIONS = (
					"DEBUG=1",
					"$(inherited)",
				);
				GCC_WARN_64_TO_32_BIT_CONVERSION = YES;
				GCC_WARN_ABOUT_RETURN_TYPE = YES_ERROR;
				GCC_WARN_UNDECLARED_SELECTOR = YES;
				GCC_WARN_UNINITIALIZED_AUTOS = YES_AGGRESSIVE;
				GCC_WARN_UNUSED_FUNCTION = YES;
				GCC_WARN_UNUSED_VARIABLE = YES;
				IPHONEOS_DEPLOYMENT_TARGET = 9.0;
				MTL_ENABLE_DEBUG_INFO = INCLUDE_SOURCE;
				MTL_FAST_MATH = YES;
				ONLY_ACTIVE_ARCH = YES;
				SDKROOT = iphoneos;
			};
			name = Debug;
		};
		DE8BD3CF225B7ECD0024EB25 /* Release */ = {
			isa = XCBuildConfiguration;
			buildSettings = {
				ALWAYS_SEARCH_USER_PATHS = NO;
				CLANG_ANALYZER_NONNULL = YES;
				CLANG_ANALYZER_NUMBER_OBJECT_CONVERSION = YES_AGGRESSIVE;
				CLANG_CXX_LANGUAGE_STANDARD = "gnu++14";
				CLANG_CXX_LIBRARY = "libc++";
				CLANG_ENABLE_MODULES = YES;
				CLANG_ENABLE_OBJC_ARC = YES;
				CLANG_ENABLE_OBJC_WEAK = YES;
				CLANG_WARN_BLOCK_CAPTURE_AUTORELEASING = YES;
				CLANG_WARN_BOOL_CONVERSION = YES;
				CLANG_WARN_COMMA = YES;
				CLANG_WARN_CONSTANT_CONVERSION = YES;
				CLANG_WARN_DEPRECATED_OBJC_IMPLEMENTATIONS = YES;
				CLANG_WARN_DIRECT_OBJC_ISA_USAGE = YES_ERROR;
				CLANG_WARN_DOCUMENTATION_COMMENTS = YES;
				CLANG_WARN_EMPTY_BODY = YES;
				CLANG_WARN_ENUM_CONVERSION = YES;
				CLANG_WARN_INFINITE_RECURSION = YES;
				CLANG_WARN_INT_CONVERSION = YES;
				CLANG_WARN_NON_LITERAL_NULL_CONVERSION = YES;
				CLANG_WARN_OBJC_IMPLICIT_RETAIN_SELF = YES;
				CLANG_WARN_OBJC_LITERAL_CONVERSION = YES;
				CLANG_WARN_OBJC_ROOT_CLASS = YES_ERROR;
				CLANG_WARN_RANGE_LOOP_ANALYSIS = YES;
				CLANG_WARN_STRICT_PROTOTYPES = YES;
				CLANG_WARN_SUSPICIOUS_MOVE = YES;
				CLANG_WARN_UNGUARDED_AVAILABILITY = YES_AGGRESSIVE;
				CLANG_WARN_UNREACHABLE_CODE = YES;
				CLANG_WARN__DUPLICATE_METHOD_MATCH = YES;
				CODE_SIGN_IDENTITY = "iPhone Developer";
				COPY_PHASE_STRIP = NO;
				DEBUG_INFORMATION_FORMAT = "dwarf-with-dsym";
				ENABLE_NS_ASSERTIONS = NO;
				ENABLE_STRICT_OBJC_MSGSEND = YES;
				GCC_C_LANGUAGE_STANDARD = gnu11;
				GCC_NO_COMMON_BLOCKS = YES;
				GCC_PREFIX_HEADER = /Users/qiuhao/Source/KnightIOS/Knight/Vendor/PrefixHeader.pch;
				GCC_WARN_64_TO_32_BIT_CONVERSION = YES;
				GCC_WARN_ABOUT_RETURN_TYPE = YES_ERROR;
				GCC_WARN_UNDECLARED_SELECTOR = YES;
				GCC_WARN_UNINITIALIZED_AUTOS = YES_AGGRESSIVE;
				GCC_WARN_UNUSED_FUNCTION = YES;
				GCC_WARN_UNUSED_VARIABLE = YES;
				IPHONEOS_DEPLOYMENT_TARGET = 9.0;
				MTL_ENABLE_DEBUG_INFO = NO;
				MTL_FAST_MATH = YES;
				SDKROOT = iphoneos;
				VALIDATE_PRODUCT = YES;
			};
			name = Release;
		};
		DE8BD3D1225B7ECD0024EB25 /* Debug */ = {
			isa = XCBuildConfiguration;
			baseConfigurationReference = BDEAA067BBDBD598243B82EB /* Pods-Knight.debug.xcconfig */;
			buildSettings = {
				ASSETCATALOG_COMPILER_APPICON_NAME = AppIcon;
				CODE_SIGN_ENTITLEMENTS = Knight/Knight.entitlements;
				CODE_SIGN_STYLE = Automatic;
				DEVELOPMENT_TEAM = A4CLP7DQTH;
				GCC_PREFIX_HEADER = /Users/qiuhao/Source/KnightIOS/Knight/Vendor/PrefixHeader.pch;
				HEADER_SEARCH_PATHS = "$(SRCROOT)/**";
				INFOPLIST_FILE = Knight/Info.plist;
				LD_RUNPATH_SEARCH_PATHS = (
					"$(inherited)",
					"@executable_path/Frameworks",
				);
				PRODUCT_BUNDLE_IDENTIFIER = com.bgcp.ZhuDianKnight;
				PRODUCT_NAME = "$(TARGET_NAME)";
				TARGETED_DEVICE_FAMILY = "1,2";
			};
			name = Debug;
		};
		DE8BD3D2225B7ECD0024EB25 /* Release */ = {
			isa = XCBuildConfiguration;
			baseConfigurationReference = 0EA7D92B20BAA1B12BF6DC74 /* Pods-Knight.release.xcconfig */;
			buildSettings = {
				ASSETCATALOG_COMPILER_APPICON_NAME = AppIcon;
				CODE_SIGN_ENTITLEMENTS = Knight/Knight.entitlements;
				CODE_SIGN_STYLE = Automatic;
				DEVELOPMENT_TEAM = A4CLP7DQTH;
				GCC_PREFIX_HEADER = /Users/qiuhao/Source/KnightIOS/Knight/Vendor/PrefixHeader.pch;
				HEADER_SEARCH_PATHS = "$(SRCROOT)/**";
				INFOPLIST_FILE = Knight/Info.plist;
				LD_RUNPATH_SEARCH_PATHS = (
					"$(inherited)",
					"@executable_path/Frameworks",
				);
				PRODUCT_BUNDLE_IDENTIFIER = com.bgcp.ZhuDianKnight;
				PRODUCT_NAME = "$(TARGET_NAME)";
				TARGETED_DEVICE_FAMILY = "1,2";
			};
			name = Release;
		};
		DE8BD3D4225B7ECD0024EB25 /* Debug */ = {
			isa = XCBuildConfiguration;
			baseConfigurationReference = 6061572A84AE348043BACA6A /* Pods-KnightTests.debug.xcconfig */;
			buildSettings = {
				BUNDLE_LOADER = "$(TEST_HOST)";
				CODE_SIGN_STYLE = Automatic;
				DEVELOPMENT_TEAM = 9XP44VQ4CP;
				INFOPLIST_FILE = KnightTests/Info.plist;
				LD_RUNPATH_SEARCH_PATHS = (
					"$(inherited)",
					"@executable_path/Frameworks",
					"@loader_path/Frameworks",
				);
				PRODUCT_BUNDLE_IDENTIFIER = com.QiuHao.KnightTests;
				PRODUCT_NAME = "$(TARGET_NAME)";
				TARGETED_DEVICE_FAMILY = "1,2";
				TEST_HOST = "$(BUILT_PRODUCTS_DIR)/Knight.app/Knight";
			};
			name = Debug;
		};
		DE8BD3D5225B7ECD0024EB25 /* Release */ = {
			isa = XCBuildConfiguration;
			baseConfigurationReference = 10FE063C968C0039A841E7BD /* Pods-KnightTests.release.xcconfig */;
			buildSettings = {
				BUNDLE_LOADER = "$(TEST_HOST)";
				CODE_SIGN_STYLE = Automatic;
				DEVELOPMENT_TEAM = 9XP44VQ4CP;
				INFOPLIST_FILE = KnightTests/Info.plist;
				LD_RUNPATH_SEARCH_PATHS = (
					"$(inherited)",
					"@executable_path/Frameworks",
					"@loader_path/Frameworks",
				);
				PRODUCT_BUNDLE_IDENTIFIER = com.QiuHao.KnightTests;
				PRODUCT_NAME = "$(TARGET_NAME)";
				TARGETED_DEVICE_FAMILY = "1,2";
				TEST_HOST = "$(BUILT_PRODUCTS_DIR)/Knight.app/Knight";
			};
			name = Release;
		};
		DE8BD3D7225B7ECD0024EB25 /* Debug */ = {
			isa = XCBuildConfiguration;
			baseConfigurationReference = C581FEAA3B6918C2E1A6E607 /* Pods-KnightUITests.debug.xcconfig */;
			buildSettings = {
				CODE_SIGN_STYLE = Automatic;
				DEVELOPMENT_TEAM = 9XP44VQ4CP;
				INFOPLIST_FILE = KnightUITests/Info.plist;
				LD_RUNPATH_SEARCH_PATHS = (
					"$(inherited)",
					"@executable_path/Frameworks",
					"@loader_path/Frameworks",
				);
				PRODUCT_BUNDLE_IDENTIFIER = com.QiuHao.KnightUITests;
				PRODUCT_NAME = "$(TARGET_NAME)";
				TARGETED_DEVICE_FAMILY = "1,2";
				TEST_TARGET_NAME = Knight;
			};
			name = Debug;
		};
		DE8BD3D8225B7ECD0024EB25 /* Release */ = {
			isa = XCBuildConfiguration;
			baseConfigurationReference = 8E9D0F45807D39004EAA89EF /* Pods-KnightUITests.release.xcconfig */;
			buildSettings = {
				CODE_SIGN_STYLE = Automatic;
				DEVELOPMENT_TEAM = 9XP44VQ4CP;
				INFOPLIST_FILE = KnightUITests/Info.plist;
				LD_RUNPATH_SEARCH_PATHS = (
					"$(inherited)",
					"@executable_path/Frameworks",
					"@loader_path/Frameworks",
				);
				PRODUCT_BUNDLE_IDENTIFIER = com.QiuHao.KnightUITests;
				PRODUCT_NAME = "$(TARGET_NAME)";
				TARGETED_DEVICE_FAMILY = "1,2";
				TEST_TARGET_NAME = Knight;
			};
			name = Release;
		};
/* End XCBuildConfiguration section */

/* Begin XCConfigurationList section */
		DE8BD39F225B7ECC0024EB25 /* Build configuration list for PBXProject "Knight" */ = {
			isa = XCConfigurationList;
			buildConfigurations = (
				DE8BD3CE225B7ECD0024EB25 /* Debug */,
				DE8BD3CF225B7ECD0024EB25 /* Release */,
			);
			defaultConfigurationIsVisible = 0;
			defaultConfigurationName = Release;
		};
		DE8BD3D0225B7ECD0024EB25 /* Build configuration list for PBXNativeTarget "Knight" */ = {
			isa = XCConfigurationList;
			buildConfigurations = (
				DE8BD3D1225B7ECD0024EB25 /* Debug */,
				DE8BD3D2225B7ECD0024EB25 /* Release */,
			);
			defaultConfigurationIsVisible = 0;
			defaultConfigurationName = Release;
		};
		DE8BD3D3225B7ECD0024EB25 /* Build configuration list for PBXNativeTarget "KnightTests" */ = {
			isa = XCConfigurationList;
			buildConfigurations = (
				DE8BD3D4225B7ECD0024EB25 /* Debug */,
				DE8BD3D5225B7ECD0024EB25 /* Release */,
			);
			defaultConfigurationIsVisible = 0;
			defaultConfigurationName = Release;
		};
		DE8BD3D6225B7ECD0024EB25 /* Build configuration list for PBXNativeTarget "KnightUITests" */ = {
			isa = XCConfigurationList;
			buildConfigurations = (
				DE8BD3D7225B7ECD0024EB25 /* Debug */,
				DE8BD3D8225B7ECD0024EB25 /* Release */,
			);
			defaultConfigurationIsVisible = 0;
			defaultConfigurationName = Release;
		};
/* End XCConfigurationList section */
	};
	rootObject = DE8BD39C225B7ECC0024EB25 /* Project object */;
}
